
Microsoft Visual Studio Solution File, Format Version 12.00
# Visual Studio Version 17
VisualStudioVersion = 17.5.002.0
MinimumVisualStudioVersion = 10.0.40219.1
Project("{9A19103F-16F7-4668-BE54-9A1E7A4F7556}") = "MqttFrontend", "MqttFrontend\MqttFrontend.csproj", "{57503F5B-F4A2-437F-81B6-D1155A3BDC72}"
EndProject
Project("{9A19103F-16F7-4668-BE54-9A1E7A4F7556}") = "MqttServer", "MqttServer\MqttServer.csproj", "{CA2F2699-5E9C-43E7-8192-E69FFF816C0C}"
EndProject
Global
	GlobalSection(SolutionConfigurationPlatforms) = preSolution
		Debug|Any CPU = Debug|Any CPU
		Release|Any CPU = Release|Any CPU
	EndGlobalSection
	GlobalSection(ProjectConfigurationPlatforms) = postSolution
		{57503F5B-F4A2-437F-81B6-D1155A3BDC72}.Debug|Any CPU.ActiveCfg = Debug|Any CPU
		{57503F5B-F4A2-437F-81B6-D1155A3BDC72}.Debug|Any CPU.Build.0 = Debug|Any CPU
		{57503F5B-F4A2-437F-81B6-D1155A3BDC72}.Release|Any CPU.ActiveCfg = Release|Any CPU
		{57503F5B-F4A2-437F-81B6-D1155A3BDC72}.Release|Any CPU.Build.0 = Release|Any CPU
		{CA2F2699-5E9C-43E7-8192-E69FFF816C0C}.Debug|Any CPU.ActiveCfg = Debug|Any CPU
		{CA2F2699-5E9C-43E7-8192-E69FFF816C0C}.Debug|Any CPU.Build.0 = Debug|Any CPU
		{CA2F2699-5E9C-43E7-8192-E69FFF816C0C}.Release|Any CPU.ActiveCfg = Release|Any CPU
		{CA2F2699-5E9C-43E7-8192-E69FFF816C0C}.Release|Any CPU.Build.0 = Release|Any CPU
	EndGlobalSection
	GlobalSection(SolutionProperties) = preSolution
		HideSolutionNode = FALSE
	EndGlobalSection
	GlobalSection(ExtensibilityGlobals) = postSolution
		SolutionGuid = {80481FED-5F4A-470F-8ACC-2615B8DBE367}
	EndGlobalSection
EndGlobal
